{
    "requires": true,
    "lockfileVersion": 1,
    "dependencies": {
        "de-indent": {
            "version": "1.0.2",
            "resolved": "https://registry.npmjs.org/de-indent/-/de-indent-1.0.2.tgz",
            "integrity": "sha1-sgOOhG3DO6pXlhKNCAS0VbjB4h0=",
            "dev": true
        },
        "he": {
            "version": "1.1.1",
            "resolved": "https://registry.npmjs.org/he/-/he-1.1.1.tgz",
            "integrity": "sha1-k0EP0hsAlzUVH4howvJx80J+I/0=",
            "dev": true
        },
        "vue-template-compiler": {
            "version": "2.5.10",
            "resolved": "https://registry.npmjs.org/vue-template-compiler/-/vue-template-compiler-2.5.10.tgz",
            "integrity": "sha512-vVpOik9YOCmtQCGhOmse+bepA6bbNLBkWYG8GJfWpZdOFfyq11zL7WiU6PnUl1P09XX0ZTyj44bT5IZn3La0ww==",
            "dev": true,
            "requires": {
                "de-indent": "1.0.2",
                "he": "1.1.1"
            }
        }
    }
}
